
Microsoft Visual Studio Solution File, Format Version 12.00
# Visual Studio Version 17
VisualStudioVersion = 17.9.34701.34
MinimumVisualStudioVersion = 10.0.40219.1
Project("{FAE04EC0-301F-11D3-BF4B-00C04F79EFBC}") = "backend", "backend\backend.csproj", "{24FF45E4-71D2-4F77-9082-44A3150E87E8}"
EndProject
Global
	GlobalSection(SolutionConfigurationPlatforms) = preSolution
		Debug|Any CPU = Debug|Any CPU
		Release|Any CPU = Release|Any CPU
	EndGlobalSection
	GlobalSection(ProjectConfigurationPlatforms) = postSolution
		{24FF45E4-71D2-4F77-9082-44A3150E87E8}.Debug|Any CPU.ActiveCfg = Debug|Any CPU
		{24FF45E4-71D2-4F77-9082-44A3150E87E8}.Debug|Any CPU.Build.0 = Debug|Any CPU
		{24FF45E4-71D2-4F77-9082-44A3150E87E8}.Release|Any CPU.ActiveCfg = Release|Any CPU
		{24FF45E4-71D2-4F77-9082-44A3150E87E8}.Release|Any CPU.Build.0 = Release|Any CPU
	EndGlobalSection
	GlobalSection(SolutionProperties) = preSolution
		HideSolutionNode = FALSE
	EndGlobalSection
	GlobalSection(ExtensibilityGlobals) = postSolution
		SolutionGuid = {8F204610-281F-4692-92BE-51E11962334C}
	EndGlobalSection
EndGlobal
